{
  "nodes": {
    "aquamarine": {
      "inputs": {
        "hyprutils": [
          "hyprland",
          "hyprutils"
        ],
        "hyprwayland-scanner": [
          "hyprland",
          "hyprwayland-scanner"
        ],
        "nixpkgs": [
          "hyprland",
          "nixpkgs"
        ],
        "systems": [
          "hyprland",
          "systems"
        ]
      },
      "locked": {
        "lastModified": 1731959031,
        "narHash": "sha256-TGcvIjftziC1CjuiHCzrYDwmOoSFYIhdiKmLetzB5L0=",
        "owner": "hyprwm",
        "repo": "aquamarine",
        "rev": "4468981c1c50999f315baa1508f0e53c4ee70c52",
        "type": "github"
      },
      "original": {
        "owner": "hyprwm",
        "repo": "aquamarine",
        "type": "github"
      }
    },
    "emacs-overlay": {
      "inputs": {
        "nixpkgs": "nixpkgs",
        "nixpkgs-stable": "nixpkgs-stable"
      },
      "locked": {
        "lastModified": 1732439500,
        "narHash": "sha256-mo4VuOLi4CnWMoPIFIi1XgqaYNQ64xC4l0AqMaIrl7s=",
        "owner": "nix-community",
        "repo": "emacs-overlay",
        "rev": "87de50e44afcc4d819f9c65e9ab46222bf15f742",
        "type": "github"
      },
      "original": {
        "owner": "nix-community",
        "repo": "emacs-overlay",
        "type": "github"
      }
    },
    "flake-compat": {
      "flake": false,
      "locked": {
        "lastModified": 1696426674,
        "narHash": "sha256-kvjfFW7WAETZlt09AgDn1MrtKzP7t90Vf7vypd3OL1U=",
        "owner": "edolstra",
        "repo": "flake-compat",
        "rev": "0f9255e01c2351cc7d116c072cb317785dd33b33",
        "type": "github"
      },
      "original": {
        "owner": "edolstra",
        "repo": "flake-compat",
        "type": "github"
      }
    },
    "flake-compat_2": {
      "flake": false,
      "locked": {
        "lastModified": 1696426674,
        "narHash": "sha256-kvjfFW7WAETZlt09AgDn1MrtKzP7t90Vf7vypd3OL1U=",
        "owner": "edolstra",
        "repo": "flake-compat",
        "rev": "0f9255e01c2351cc7d116c072cb317785dd33b33",
        "type": "github"
      },
      "original": {
        "owner": "edolstra",
        "repo": "flake-compat",
        "type": "github"
      }
    },
    "flake-parts": {
      "inputs": {
        "nixpkgs-lib": "nixpkgs-lib"
      },
      "locked": {
        "lastModified": 1730504689,
        "narHash": "sha256-hgmguH29K2fvs9szpq2r3pz2/8cJd2LPS+b4tfNFCwE=",
        "owner": "hercules-ci",
        "repo": "flake-parts",
        "rev": "506278e768c2a08bec68eb62932193e341f55c90",
        "type": "github"
      },
      "original": {
        "owner": "hercules-ci",
        "repo": "flake-parts",
        "type": "github"
      }
    },
    "flake-utils": {
      "inputs": {
        "systems": "systems_2"
      },
      "locked": {
        "lastModified": 1701680307,
        "narHash": "sha256-kAuep2h5ajznlPMD9rnQyffWG8EM/C73lejGofXvdM8=",
        "owner": "numtide",
        "repo": "flake-utils",
        "rev": "4022d587cbbfd70fe950c1e2083a02621806a725",
        "type": "github"
      },
      "original": {
        "id": "flake-utils",
        "type": "indirect"
      }
    },
    "gitignore": {
      "inputs": {
        "nixpkgs": [
          "hyprland",
          "pre-commit-hooks",
          "nixpkgs"
        ]
      },
      "locked": {
        "lastModified": 1709087332,
        "narHash": "sha256-HG2cCnktfHsKV0s4XW83gU3F57gaTljL9KNSuG6bnQs=",
        "owner": "hercules-ci",
        "repo": "gitignore.nix",
        "rev": "637db329424fd7e46cf4185293b9cc8c88c95394",
        "type": "github"
      },
      "original": {
        "owner": "hercules-ci",
        "repo": "gitignore.nix",
        "type": "github"
      }
    },
    "home-manager": {
      "inputs": {
        "nixpkgs": [
          "nixpkgs"
        ]
      },
      "locked": {
        "lastModified": 1732319136,
        "narHash": "sha256-wpmPl6FkAF9Jj5C/rzANgpUjfzQrUYOn267LnzKU2uI=",
        "owner": "nix-community",
        "repo": "home-manager",
        "rev": "f8831cc700030e11fc91da9ef6270593e6440edc",
        "type": "github"
      },
      "original": {
        "owner": "nix-community",
        "ref": "release-24.11",
        "repo": "home-manager",
        "type": "github"
      }
    },
    "hy3": {
      "inputs": {
        "hyprland": [
          "hyprland"
        ]
      },
      "locked": {
        "lastModified": 1731228735,
        "narHash": "sha256-b3PuEtRHTSxV809RLUiZVQhDQZ8NxxpWUjboTe9QAAY=",
        "owner": "outfoxxed",
        "repo": "hy3",
        "rev": "7e792f712a2a896bd8d3174780c8944ef5ae7931",
        "type": "github"
      },
      "original": {
        "owner": "outfoxxed",
        "ref": "hl0.45.0",
        "repo": "hy3",
        "type": "github"
      }
    },
    "hyprcursor": {
      "inputs": {
        "hyprlang": [
          "hyprland",
          "hyprlang"
        ],
        "nixpkgs": [
          "hyprland",
          "nixpkgs"
        ],
        "systems": [
          "hyprland",
          "systems"
        ]
      },
      "locked": {
        "lastModified": 1728669738,
        "narHash": "sha256-EDNAU9AYcx8OupUzbTbWE1d3HYdeG0wO6Msg3iL1muk=",
        "owner": "hyprwm",
        "repo": "hyprcursor",
        "rev": "0264e698149fcb857a66a53018157b41f8d97bb0",
        "type": "github"
      },
      "original": {
        "owner": "hyprwm",
        "repo": "hyprcursor",
        "type": "github"
      }
    },
    "hyprland": {
      "inputs": {
        "aquamarine": "aquamarine",
        "hyprcursor": "hyprcursor",
        "hyprland-protocols": "hyprland-protocols",
        "hyprlang": "hyprlang",
        "hyprutils": "hyprutils",
        "hyprwayland-scanner": "hyprwayland-scanner",
        "nixpkgs": "nixpkgs_2",
        "pre-commit-hooks": "pre-commit-hooks",
        "systems": "systems",
        "xdph": "xdph"
      },
      "locked": {
        "lastModified": 1732052838,
        "narHash": "sha256-ENsVNUEvJp7/7f6x7MVqtiVkFKkGy0Ux/ZqQM3Sb4CQ=",
        "owner": "hyprwm",
        "repo": "Hyprland",
        "rev": "12f9a0d0b93f691d4d9923716557154d74777b0a",
        "type": "github"
      },
      "original": {
        "owner": "hyprwm",
        "repo": "Hyprland",
        "rev": "12f9a0d0b93f691d4d9923716557154d74777b0a",
        "type": "github"
      }
    },
    "hyprland-protocols": {
      "inputs": {
        "nixpkgs": [
          "hyprland",
          "nixpkgs"
        ],
        "systems": [
          "hyprland",
          "systems"
        ]
      },
      "locked": {
        "lastModified": 1728345020,
        "narHash": "sha256-xGbkc7U/Roe0/Cv3iKlzijIaFBNguasI31ynL2IlEoM=",
        "owner": "hyprwm",
        "repo": "hyprland-protocols",
        "rev": "a7c183800e74f337753de186522b9017a07a8cee",
        "type": "github"
      },
      "original": {
        "owner": "hyprwm",
        "repo": "hyprland-protocols",
        "type": "github"
      }
    },
    "hyprlang": {
      "inputs": {
        "hyprutils": [
          "hyprland",
          "hyprutils"
        ],
        "nixpkgs": [
          "hyprland",
          "nixpkgs"
        ],
        "systems": [
          "hyprland",
          "systems"
        ]
      },
      "locked": {
        "lastModified": 1728168612,
        "narHash": "sha256-AnB1KfiXINmuiW7BALYrKqcjCnsLZPifhb/7BsfPbns=",
        "owner": "hyprwm",
        "repo": "hyprlang",
        "rev": "f054f2e44d6a0b74607a6bc0f52dba337a3db38e",
        "type": "github"
      },
      "original": {
        "owner": "hyprwm",
        "repo": "hyprlang",
        "type": "github"
      }
    },
    "hyprutils": {
      "inputs": {
        "nixpkgs": [
          "hyprland",
          "nixpkgs"
        ],
        "systems": [
          "hyprland",
          "systems"
        ]
      },
      "locked": {
        "lastModified": 1731702627,
        "narHash": "sha256-+JeO9gevnXannQxMfR5xzZtF4sYmSlWkX/BPmPx0mWk=",
        "owner": "hyprwm",
        "repo": "hyprutils",
        "rev": "e911361a687753bbbdfe3b6a9eab755ecaf1d9e1",
        "type": "github"
      },
      "original": {
        "owner": "hyprwm",
        "repo": "hyprutils",
        "type": "github"
      }
    },
    "hyprwayland-scanner": {
      "inputs": {
        "nixpkgs": [
          "hyprland",
          "nixpkgs"
        ],
        "systems": [
          "hyprland",
          "systems"
        ]
      },
      "locked": {
        "lastModified": 1726874836,
        "narHash": "sha256-VKR0sf0PSNCB0wPHVKSAn41mCNVCnegWmgkrneKDhHM=",
        "owner": "hyprwm",
        "repo": "hyprwayland-scanner",
        "rev": "500c81a9e1a76760371049a8d99e008ea77aa59e",
        "type": "github"
      },
      "original": {
        "owner": "hyprwm",
        "repo": "hyprwayland-scanner",
        "type": "github"
      }
    },
    "libnbtplusplus": {
      "flake": false,
      "locked": {
        "lastModified": 1699286814,
        "narHash": "sha256-yy0q+bky80LtK1GWzz7qpM+aAGrOqLuewbid8WT1ilk=",
        "owner": "PrismLauncher",
        "repo": "libnbtplusplus",
        "rev": "23b955121b8217c1c348a9ed2483167a6f3ff4ad",
        "type": "github"
      },
      "original": {
        "owner": "PrismLauncher",
        "repo": "libnbtplusplus",
        "type": "github"
      }
    },
    "mkdocs-pkgs": {
      "locked": {
        "lastModified": 1704196875,
        "narHash": "sha256-AhEXx3uu32cnIOjIR3B2NMzqzwXfJYNPgVNfHQGYKzs=",
        "owner": "NixOS",
        "repo": "nixpkgs",
        "rev": "0c6502e9830a7bf25258731316dd3c72fb08f94c",
        "type": "github"
      },
      "original": {
        "owner": "NixOS",
        "ref": "staging-next",
        "repo": "nixpkgs",
        "type": "github"
      }
    },
    "nix-filter": {
      "locked": {
        "lastModified": 1731533336,
        "narHash": "sha256-oRam5PS1vcrr5UPgALW0eo1m/5/pls27Z/pabHNy2Ms=",
        "owner": "numtide",
        "repo": "nix-filter",
        "rev": "f7653272fd234696ae94229839a99b73c9ab7de0",
        "type": "github"
      },
      "original": {
        "owner": "numtide",
        "repo": "nix-filter",
        "type": "github"
      }
    },
    "nix-gaming": {
      "inputs": {
        "flake-parts": "flake-parts",
        "nixpkgs": "nixpkgs_3",
        "umu": "umu"
      },
      "locked": {
        "lastModified": 1732413017,
        "narHash": "sha256-LJy3CkUErelRM3bDojyFB0xe4c2CF/6HTF51QLJkqVA=",
        "owner": "fufexan",
        "repo": "nix-gaming",
        "rev": "87623b5ebb18d3ab6c342526afe6b7d0cb96c486",
        "type": "github"
      },
      "original": {
        "owner": "fufexan",
        "repo": "nix-gaming",
        "type": "github"
      }
    },
    "nixpkgs": {
      "locked": {
        "lastModified": 1732014248,
        "narHash": "sha256-y/MEyuJ5oBWrWAic/14LaIr/u5E0wRVzyYsouYY3W6w=",
        "owner": "NixOS",
        "repo": "nixpkgs",
        "rev": "23e89b7da85c3640bbc2173fe04f4bd114342367",
        "type": "github"
      },
      "original": {
        "owner": "NixOS",
        "ref": "nixos-unstable",
        "repo": "nixpkgs",
        "type": "github"
      }
    },
    "nixpkgs-lib": {
      "locked": {
        "lastModified": 1730504152,
        "narHash": "sha256-lXvH/vOfb4aGYyvFmZK/HlsNsr/0CVWlwYvo2rxJk3s=",
        "type": "tarball",
        "url": "https://github.com/NixOS/nixpkgs/archive/cc2f28000298e1269cea6612cd06ec9979dd5d7f.tar.gz"
      },
      "original": {
        "type": "tarball",
        "url": "https://github.com/NixOS/nixpkgs/archive/cc2f28000298e1269cea6612cd06ec9979dd5d7f.tar.gz"
      }
    },
    "nixpkgs-old": {
      "locked": {
        "lastModified": 1697146913,
        "narHash": "sha256-BXT1VhfQmyIwKD99bzNPDAL9a9XVxQWG/RyAcfY8wCs=",
        "owner": "nixos",
        "repo": "nixpkgs",
        "rev": "1c37a89390481e809b9851781026bc9bb840dd90",
        "type": "github"
      },
      "original": {
        "owner": "nixos",
        "repo": "nixpkgs",
        "rev": "1c37a89390481e809b9851781026bc9bb840dd90",
        "type": "github"
      }
    },
    "nixpkgs-stable": {
      "locked": {
        "lastModified": 1731797254,
        "narHash": "sha256-df3dJApLPhd11AlueuoN0Q4fHo/hagP75LlM5K1sz9g=",
        "owner": "NixOS",
        "repo": "nixpkgs",
        "rev": "e8c38b73aeb218e27163376a2d617e61a2ad9b59",
        "type": "github"
      },
      "original": {
        "owner": "NixOS",
        "ref": "nixos-24.05",
        "repo": "nixpkgs",
        "type": "github"
      }
    },
    "nixpkgs-stable_2": {
      "locked": {
        "lastModified": 1730741070,
        "narHash": "sha256-edm8WG19kWozJ/GqyYx2VjW99EdhjKwbY3ZwdlPAAlo=",
        "owner": "NixOS",
        "repo": "nixpkgs",
        "rev": "d063c1dd113c91ab27959ba540c0d9753409edf3",
        "type": "github"
      },
      "original": {
        "owner": "NixOS",
        "ref": "nixos-24.05",
        "repo": "nixpkgs",
        "type": "github"
      }
    },
    "nixpkgs_2": {
      "locked": {
        "lastModified": 1731676054,
        "narHash": "sha256-OZiZ3m8SCMfh3B6bfGC/Bm4x3qc1m2SVEAlkV6iY7Yg=",
        "owner": "NixOS",
        "repo": "nixpkgs",
        "rev": "5e4fbfb6b3de1aa2872b76d49fafc942626e2add",
        "type": "github"
      },
      "original": {
        "owner": "NixOS",
        "ref": "nixos-unstable",
        "repo": "nixpkgs",
        "type": "github"
      }
    },
    "nixpkgs_3": {
      "locked": {
        "lastModified": 1731890469,
        "narHash": "sha256-D1FNZ70NmQEwNxpSSdTXCSklBH1z2isPR84J6DQrJGs=",
        "owner": "NixOS",
        "repo": "nixpkgs",
        "rev": "5083ec887760adfe12af64830a66807423a859a7",
        "type": "github"
      },
      "original": {
        "owner": "NixOS",
        "ref": "nixpkgs-unstable",
        "repo": "nixpkgs",
        "type": "github"
      }
    },
    "nixpkgs_4": {
      "locked": {
        "lastModified": 1731755305,
        "narHash": "sha256-v5P3dk5JdiT+4x69ZaB18B8+Rcu3TIOrcdG4uEX7WZ8=",
        "owner": "nixos",
        "repo": "nixpkgs",
        "rev": "057f63b6dc1a2c67301286152eb5af20747a9cb4",
        "type": "github"
      },
      "original": {
        "owner": "nixos",
        "ref": "nixos-24.11",
        "repo": "nixpkgs",
        "type": "github"
      }
    },
    "nixpkgs_5": {
      "locked": {
        "lastModified": 1704008649,
        "narHash": "sha256-rGPSWjXTXTurQN9beuHdyJhB8O761w1Zc5BqSSmHvoM=",
        "owner": "NixOS",
        "repo": "nixpkgs",
        "rev": "d44d59d2b5bd694cd9d996fd8c51d03e3e9ba7f7",
        "type": "github"
      },
      "original": {
        "id": "nixpkgs",
        "type": "indirect"
      }
    },
    "nixpkgs_6": {
      "locked": {
        "lastModified": 1732014248,
        "narHash": "sha256-y/MEyuJ5oBWrWAic/14LaIr/u5E0wRVzyYsouYY3W6w=",
        "owner": "NixOS",
        "repo": "nixpkgs",
        "rev": "23e89b7da85c3640bbc2173fe04f4bd114342367",
        "type": "github"
      },
      "original": {
        "owner": "NixOS",
        "ref": "nixos-unstable",
        "repo": "nixpkgs",
        "type": "github"
      }
    },
    "paisa": {
      "inputs": {
        "flake-utils": "flake-utils",
        "mkdocs-pkgs": "mkdocs-pkgs",
        "nixpkgs": "nixpkgs_5"
      },
      "locked": {
        "lastModified": 1729420952,
        "narHash": "sha256-h8xmEDBmLtG/IbeYF6pZR8t/ksmQjPNESWVEjXcbW80=",
        "owner": "ananthakumaran",
        "repo": "paisa",
        "rev": "f3f39b8f06adc352673ffbee7e250e0a20594500",
        "type": "github"
      },
      "original": {
        "owner": "ananthakumaran",
        "repo": "paisa",
        "type": "github"
      }
    },
    "pre-commit-hooks": {
      "inputs": {
        "flake-compat": "flake-compat",
        "gitignore": "gitignore",
        "nixpkgs": [
          "hyprland",
          "nixpkgs"
        ],
        "nixpkgs-stable": "nixpkgs-stable_2"
      },
      "locked": {
        "lastModified": 1732021966,
        "narHash": "sha256-mnTbjpdqF0luOkou8ZFi2asa1N3AA2CchR/RqCNmsGE=",
        "owner": "cachix",
        "repo": "git-hooks.nix",
        "rev": "3308484d1a443fc5bc92012435d79e80458fe43c",
        "type": "github"
      },
      "original": {
        "owner": "cachix",
        "repo": "git-hooks.nix",
        "type": "github"
      }
    },
    "prismlauncher": {
      "inputs": {
        "flake-compat": "flake-compat_2",
        "libnbtplusplus": "libnbtplusplus",
        "nix-filter": "nix-filter",
        "nixpkgs": "nixpkgs_6"
      },
      "locked": {
        "lastModified": 1732317921,
        "narHash": "sha256-NgtvLfZU0VlS+NHj9OzMAwDDInLBxBgctviSZdRUOsg=",
        "owner": "PrismLauncher",
        "repo": "PrismLauncher",
        "rev": "11e7b218d4e6705d7c660348441c2fac376c5812",
        "type": "github"
      },
      "original": {
        "owner": "PrismLauncher",
        "repo": "PrismLauncher",
        "type": "github"
      }
    },
    "root": {
      "inputs": {
        "emacs-overlay": "emacs-overlay",
        "home-manager": "home-manager",
        "hy3": "hy3",
        "hyprland": "hyprland",
        "nix-gaming": "nix-gaming",
        "nixpkgs": "nixpkgs_4",
        "nixpkgs-old": "nixpkgs-old",
        "paisa": "paisa",
        "prismlauncher": "prismlauncher"
      }
    },
    "systems": {
      "locked": {
        "lastModified": 1689347949,
        "narHash": "sha256-12tWmuL2zgBgZkdoB6qXZsgJEH9LR3oUgpaQq2RbI80=",
        "owner": "nix-systems",
        "repo": "default-linux",
        "rev": "31732fcf5e8fea42e59c2488ad31a0e651500f68",
        "type": "github"
      },
      "original": {
        "owner": "nix-systems",
        "repo": "default-linux",
        "type": "github"
      }
    },
    "systems_2": {
      "locked": {
        "lastModified": 1681028828,
        "narHash": "sha256-Vy1rq5AaRuLzOxct8nz4T6wlgyUR7zLU309k9mBC768=",
        "owner": "nix-systems",
        "repo": "default",
        "rev": "da67096a3b9bf56a91d16901293e51ba5b49a27e",
        "type": "github"
      },
      "original": {
        "owner": "nix-systems",
        "repo": "default",
        "type": "github"
      }
    },
    "umu": {
      "inputs": {
        "nixpkgs": [
          "nix-gaming",
          "nixpkgs"
        ]
      },
      "locked": {
        "dir": "packaging/nix",
        "lastModified": 1732337089,
        "narHash": "sha256-dwFza03ETqrcmVGSCdgDDKTWKRgckpQ3vXkZRCYtM9g=",
        "ref": "refs/heads/main",
        "rev": "f6a6af3191f5497d95d8f8aaa08826a45da199c4",
        "revCount": 842,
        "submodules": true,
        "type": "git",
        "url": "https://github.com/Open-Wine-Components/umu-launcher/?dir=packaging/nix"
      },
      "original": {
        "dir": "packaging/nix",
        "submodules": true,
        "type": "git",
        "url": "https://github.com/Open-Wine-Components/umu-launcher/?dir=packaging/nix"
      }
    },
    "xdph": {
      "inputs": {
        "hyprland-protocols": [
          "hyprland",
          "hyprland-protocols"
        ],
        "hyprlang": [
          "hyprland",
          "hyprlang"
        ],
        "hyprutils": [
          "hyprland",
          "hyprutils"
        ],
        "hyprwayland-scanner": [
          "hyprland",
          "hyprwayland-scanner"
        ],
        "nixpkgs": [
          "hyprland",
          "nixpkgs"
        ],
        "systems": [
          "hyprland",
          "systems"
        ]
      },
      "locked": {
        "lastModified": 1731703417,
        "narHash": "sha256-rheDc/7C+yI+QspYr9J2z9kQ5P9F4ATapI7qyFAe1XA=",
        "owner": "hyprwm",
        "repo": "xdg-desktop-portal-hyprland",
        "rev": "8070f36deec723de71e7557441acb17e478204d3",
        "type": "github"
      },
      "original": {
        "owner": "hyprwm",
        "repo": "xdg-desktop-portal-hyprland",
        "type": "github"
      }
    }
  },
  "root": "root",
  "version": 7
}
